// !$*UTF8*$!
{
	archiveVersion = 1;
	classes = {
	};
	objectVersion = 77;
	objects = {

/* Begin PBXContainerItemProxy section */
		9998C6912FEDAF610098BB4C /* PBXContainerItemProxy */ = {
			isa = PBXContainerItemProxy;
			containerPortal = 9998C67B2FEDAF5B0098BB4C /* Project object */;
			proxyType = 1;
			remoteGlobalIDString = 9998C6822FEDAF5B0098BB4C;
			remoteInfo = GithubTrendingReposApp;
		};
		9998C69B2FEDAF610098BB4C /* PBXContainerItemProxy */ = {
			isa = PBXContainerItemProxy;
			containerPortal = 9998C67B2FEDAF5B0098BB4C /* Project object */;
			proxyType = 1;
			remoteGlobalIDString = 9998C6822FEDAF5B0098BB4C;
			remoteInfo = GithubTrendingReposApp;
		};
/* End PBXContainerItemProxy section */

/* Begin PBXFileReference section */
		9998C6832FEDAF5B0098BB4C /* GithubTrendingReposApp.app */ = {isa = PBXFileReference; explicitFileType = wrapper.application; includeInIndex = 0; path = GithubTrendingReposApp.app; sourceTree = BUILT_PRODUCTS_DIR; };
		9998C6902FEDAF610098BB4C /* GithubTrendingReposAppTests.xctest */ = {isa = PBXFileReference; explicitFileType = wrapper.cfbundle; includeInIndex = 0; path = GithubTrendingReposAppTests.xctest; sourceTree = BUILT_PRODUCTS_DIR; };
		9998C69A2FEDAF610098BB4C /* GithubTrendingReposAppUITests.xctest */ = {isa = PBXFileReference; explicitFileType = wrapper.cfbundle; includeInIndex = 0; path = GithubTrendingReposAppUITests.xctest; sourceTree = BUILT_PRODUCTS_DIR; };
/* End PBXFileReference section */

/* Begin PBXFileSystemSynchronizedRootGroup section */
		9998C6852FEDAF5B0098BB4C /* GithubTrendingReposApp */ = {
			isa = PBXFileSystemSynchronizedRootGroup;
			path = GithubTrendingReposApp;
			sourceTree = "<group>";
		};
		9998C6932FEDAF610098BB4C /* GithubTrendingReposAppTests */ = {
			isa = PBXFileSystemSynchronizedRootGroup;
			path = GithubTrendingReposAppTests;
			sourceTree = "<group>";
		};
		9998C69D2FEDAF610098BB4C /* GithubTrendingReposAppUITests */ = {
			isa = PBXFileSystemSynchronizedRootGroup;
			path = GithubTrendingReposAppUITests;
			sourceTree = "<group>";
		};
/* End PBXFileSystemSynchronizedRootGroup section */

/* Begin PBXFrameworksBuildPhase section */
		9998C6802FEDAF5B0098BB4C /* Frameworks */ = {
			isa = PBXFrameworksBuildPhase;
			buildActionMask = 2147483647;
			files = (
			);
			runOnlyForDeploymentPostprocessing = 0;
		};
		9998C68D2FEDAF610098BB4C /* Frameworks */ = {
			isa = PBXFrameworksBuildPhase;
			buildActionMask = 2147483647;
			files = (
			);
			runOnlyForDeploymentPostprocessing = 0;
		};
		9998C6972FEDAF610098BB4C /* Frameworks */ = {
			isa = PBXFrameworksBuildPhase;
			buildActionMask = 2147483647;
			files = (
			);
			runOnlyForDeploymentPostprocessing = 0;
		};
/* End PBXFrameworksBuildPhase section */

/* Begin PBXGroup section */
		9998C67A2FEDAF5B0098BB4C = {
			isa = PBXGroup;
			children = (
				9998C6852FEDAF5B0098BB4C /* GithubTrendingReposApp */,
				9998C6932FEDAF610098BB4C /* GithubTrendingReposAppTests */,
				9998C69D2FEDAF610098BB4C /* GithubTrendingReposAppUITests */,
				9998C6842FEDAF5B0098BB4C /* Products */,
			);
			sourceTree = "<group>";
		};
		9998C6842FEDAF5B0098BB4C /* Products */ = {
			isa = PBXGroup;
			children = (
				9998C6832FEDAF5B0098BB4C /* GithubTrendingReposApp.app */,
				9998C6902FEDAF610098BB4C /* GithubTrendingReposAppTests.xctest */,
				9998C69A2FEDAF610098BB4C /* GithubTrendingReposAppUITests.xctest */,
			);
			name = Products;
			sourceTree = "<group>";
		};
/* End PBXGroup section */

/* Begin PBXNativeTarget section */
		9998C6822FEDAF5B0098BB4C /* GithubTrendingReposApp */ = {
			isa = PBXNativeTarget;
			buildConfigurationList = 9998C6A42FEDAF610098BB4C /* Build configuration list for PBXNativeTarget "GithubTrendingReposApp" */;
			buildPhases = (
				9998C67F2FEDAF5B0098BB4C /* Sources */,
				9998C6802FEDAF5B0098BB4C /* Frameworks */,
				9998C6812FEDAF5B0098BB4C /* Resources */,
			);
			buildRules = (
			);
			dependencies = (
			);
			fileSystemSynchronizedGroups = (
				9998C6852FEDAF5B0098BB4C /* GithubTrendingReposApp */,
			);
			name = GithubTrendingReposApp;
			packageProductDependencies = (
			);
			productName = GithubTrendingReposApp;
			productReference = 9998C6832FEDAF5B0098BB4C /* GithubTrendingReposApp.app */;
			productType = "com.apple.product-type.application";
		};
		9998C68F2FEDAF610098BB4C /* GithubTrendingReposAppTests */ = {
			isa = PBXNativeTarget;
			buildConfigurationList = 9998C6A72FEDAF610098BB4C /* Build configuration list for PBXNativeTarget "GithubTrendingReposAppTests" */;
			buildPhases = (
				9998C68C2FEDAF610098BB4C /* Sources */,
				9998C68D2FEDAF610098BB4C /* Frameworks */,
				9998C68E2FEDAF610098BB4C /* Resources */,
			);
			buildRules = (
			);
			dependencies = (
				9998C6922FEDAF610098BB4C /* PBXTargetDependency */,
			);
			fileSystemSynchronizedGroups = (
				9998C6932FEDAF610098BB4C /* GithubTrendingReposAppTests */,
			);
			name = GithubTrendingReposAppTests;
			packageProductDependencies = (
			);
			productName = GithubTrendingReposAppTests;
			productReference = 9998C6902FEDAF610098BB4C /* GithubTrendingReposAppTests.xctest */;
			productType = "com.apple.product-type.bundle.unit-test";
		};
		9998C6992FEDAF610098BB4C /* GithubTrendingReposAppUITests */ = {
			isa = PBXNativeTarget;
			buildConfigurationList = 9998C6AA2FEDAF610098BB4C /* Build configuration list for PBXNativeTarget "GithubTrendingReposAppUITests" */;
			buildPhases = (
				9998C6962FEDAF610098BB4C /* Sources */,
				9998C6972FEDAF610098BB4C /* Frameworks */,
				9998C6982FEDAF610098BB4C /* Resources */,
			);
			buildRules = (
			);
			dependencies = (
				9998C69C2FEDAF610098BB4C /* PBXTargetDependency */,
			);
			fileSystemSynchronizedGroups = (
				9998C69D2FEDAF610098BB4C /* GithubTrendingReposAppUITests */,
			);
			name = GithubTrendingReposAppUITests;
			packageProductDependencies = (
			);
			productName = GithubTrendingReposAppUITests;
			productReference = 9998C69A2FEDAF610098BB4C /* GithubTrendingReposAppUITests.xctest */;
			productType = "com.apple.product-type.bundle.ui-testing";
		};
/* End PBXNativeTarget section */

/* Begin PBXProject section */
		9998C67B2FEDAF5B0098BB4C /* Project object */ = {
			isa = PBXProject;
			attributes = {
				BuildIndependentTargetsInParallel = 1;
				LastSwiftUpdateCheck = 2600;
				LastUpgradeCheck = 2600;
				TargetAttributes = {
					9998C6822FEDAF5B0098BB4C = {
						CreatedOnToolsVersion = 26.0.1;
					};
					9998C68F2FEDAF610098BB4C = {
						CreatedOnToolsVersion = 26.0.1;
						TestTargetID = 9998C6822FEDAF5B0098BB4C;
					};
					9998C6992FEDAF610098BB4C = {
						CreatedOnToolsVersion = 26.0.1;
						TestTargetID = 9998C6822FEDAF5B0098BB4C;
					};
				};
			};
			buildConfigurationList = 9998C67E2FEDAF5B0098BB4C /* Build configuration list for PBXProject "GithubTrendingReposApp" */;
			developmentRegion = en;
			hasScannedForEncodings = 0;
			knownRegions = (
				en,
				Base,
			);
			mainGroup = 9998C67A2FEDAF5B0098BB4C;
			minimizedProjectReferenceProxies = 1;
			preferredProjectObjectVersion = 77;
			productRefGroup = 9998C6842FEDAF5B0098BB4C /* Products */;
			projectDirPath = "";
			projectRoot = "";
			targets = (
				9998C6822FEDAF5B0098BB4C /* GithubTrendingReposApp */,
				9998C68F2FEDAF610098BB4C /* GithubTrendingReposAppTests */,
				9998C6992FEDAF610098BB4C /* GithubTrendingReposAppUITests */,
			);
		};
/* End PBXProject section */

/* Begin PBXResourcesBuildPhase section */
		9998C6812FEDAF5B0098BB4C /* Resources */ = {
			isa = PBXResourcesBuildPhase;
			buildActionMask = 2147483647;
			files = (
			);
			runOnlyForDeploymentPostprocessing = 0;
		};
		9998C68E2FEDAF610098BB4C /* Resources */ = {
			isa = PBXResourcesBuildPhase;
			buildActionMask = 2147483647;
			files = (
			);
			runOnlyForDeploymentPostprocessing = 0;
		};
		9998C6982FEDAF610098BB4C /* Resources */ = {
			isa = PBXResourcesBuildPhase;
			buildActionMask = 2147483647;
			files = (
			);
			runOnlyForDeploymentPostprocessing = 0;
		};
/* End PBXResourcesBuildPhase section */

/* Begin PBXSourcesBuildPhase section */
		9998C67F2FEDAF5B0098BB4C /* Sources */ = {
			isa = PBXSourcesBuildPhase;
			buildActionMask = 2147483647;
			files = (
			);
			runOnlyForDeploymentPostprocessing = 0;
		};
		9998C68C2FEDAF610098BB4C /* Sources */ = {
			isa = PBXSourcesBuildPhase;
			buildActionMask = 2147483647;
			files = (
			);
			runOnlyForDeploymentPostprocessing = 0;
		};
		9998C6962FEDAF610098BB4C /* Sources */ = {
			isa = PBXSourcesBuildPhase;
			buildActionMask = 2147483647;
			files = (
			);
			runOnlyForDeploymentPostprocessing = 0;
		};
/* End PBXSourcesBuildPhase section */

/* Begin PBXTargetDependency section */
		9998C6922FEDAF610098BB4C /* PBXTargetDependency */ = {
			isa = PBXTargetDependency;
			target = 9998C6822FEDAF5B0098BB4C /* GithubTrendingReposApp */;
			targetProxy = 9998C6912FEDAF610098BB4C /* PBXContainerItemProxy */;
		};
		9998C69C2FEDAF610098BB4C /* PBXTargetDependency */ = {
			isa = PBXTargetDependency;
			target = 9998C6822FEDAF5B0098BB4C /* GithubTrendingReposApp */;
			targetProxy = 9998C69B2FEDAF610098BB4C /* PBXContainerItemProxy */;
		};
/* End PBXTargetDependency section */

/* Begin XCBuildConfiguration section */
		9998C6A22FEDAF610098BB4C /* Debug */ = {
			isa = XCBuildConfiguration;
			buildSettings = {
				ALWAYS_SEARCH_USER_PATHS = NO;
				ASSETCATALOG_COMPILER_GENERATE_SWIFT_ASSET_SYMBOL_EXTENSIONS = YES;
				CLANG_ANALYZER_NONNULL = YES;
				CLANG_ANALYZER_NUMBER_OBJECT_CONVERSION = YES_AGGRESSIVE;
				CLANG_CXX_LANGUAGE_STANDARD = "gnu++20";
				CLANG_ENABLE_MODULES = YES;
				CLANG_ENABLE_OBJC_ARC = YES;
				CLANG_ENABLE_OBJC_WEAK = YES;
				CLANG_WARN_BLOCK_CAPTURE_AUTORELEASING = YES;
				CLANG_WARN_BOOL_CONVERSION = YES;
				CLANG_WARN_COMMA = YES;
				CLANG_WARN_CONSTANT_CONVERSION = YES;
				CLANG_WARN_DEPRECATED_OBJC_IMPLEMENTATIONS = YES;
				CLANG_WARN_DIRECT_OBJC_ISA_USAGE = YES_ERROR;
				CLANG_WARN_DOCUMENTATION_COMMENTS = YES;
				CLANG_WARN_EMPTY_BODY = YES;
				CLANG_WARN_ENUM_CONVERSION = YES;
				CLANG_WARN_INFINITE_RECURSION = YES;
				CLANG_WARN_INT_CONVERSION = YES;
				CLANG_WARN_NON_LITERAL_NULL_CONVERSION = YES;
				CLANG_WARN_OBJC_IMPLICIT_RETAIN_SELF = YES;
				CLANG_WARN_OBJC_LITERAL_CONVERSION = YES;
				CLANG_WARN_OBJC_ROOT_CLASS = YES_ERROR;
				CLANG_WARN_QUOTED_INCLUDE_IN_FRAMEWORK_HEADER = YES;
				CLANG_WARN_RANGE_LOOP_ANALYSIS = YES;
				CLANG_WARN_STRICT_PROTOTYPES = YES;
				CLANG_WARN_SUSPICIOUS_MOVE = YES;
				CLANG_WARN_UNGUARDED_AVAILABILITY = YES_AGGRESSIVE;
				CLANG_WARN_UNREACHABLE_CODE = YES;
				CLANG_WARN__DUPLICATE_METHOD_MATCH = YES;
				COPY_PHASE_STRIP = NO;
				DEBUG_INFORMATION_FORMAT = dwarf;
				ENABLE_STRICT_OBJC_MSGSEND = YES;
				ENABLE_TESTABILITY = YES;
				ENABLE_USER_SCRIPT_SANDBOXING = YES;
				GCC_C_LANGUAGE_STANDARD = gnu17;
				GCC_DYNAMIC_NO_PIC = NO;
				GCC_NO_COMMON_BLOCKS = YES;
				GCC_OPTIMIZATION_LEVEL = 0;
				GCC_PREPROCESSOR_DEFINITIONS = (
					"DEBUG=1",
					"$(inherited)",
				);
				GCC_WARN_64_TO_32_BIT_CONVERSION = YES;
				GCC_WARN_ABOUT_RETURN_TYPE = YES_ERROR;
				GCC_WARN_UNDECLARED_SELECTOR = YES;
				GCC_WARN_UNINITIALIZED_AUTOS = YES_AGGRESSIVE;
				GCC_WARN_UNUSED_FUNCTION = YES;
				GCC_WARN_UNUSED_VARIABLE = YES;
				IPHONEOS_DEPLOYMENT_TARGET = 26.0;
				LOCALIZATION_PREFERS_STRING_CATALOGS = YES;
				MTL_ENABLE_DEBUG_INFO = INCLUDE_SOURCE;
				MTL_FAST_MATH = YES;
				ONLY_ACTIVE_ARCH = YES;
				SDKROOT = iphoneos;
				SWIFT_ACTIVE_COMPILATION_CONDITIONS = "DEBUG $(inherited)";
				SWIFT_OPTIMIZATION_LEVEL = "-Onone";
			};
			name = Debug;
		};
		9998C6A32FEDAF610098BB4C /* Release */ = {
			isa = XCBuildConfiguration;
			buildSettings = {
				ALWAYS_SEARCH_USER_PATHS = NO;
				ASSETCATALOG_COMPILER_GENERATE_SWIFT_ASSET_SYMBOL_EXTENSIONS = YES;
				CLANG_ANALYZER_NONNULL = YES;
				CLANG_ANALYZER_NUMBER_OBJECT_CONVERSION = YES_AGGRESSIVE;
				CLANG_CXX_LANGUAGE_STANDARD = "gnu++20";
				CLANG_ENABLE_MODULES = YES;
				CLANG_ENABLE_OBJC_ARC = YES;
				CLANG_ENABLE_OBJC_WEAK = YES;
				CLANG_WARN_BLOCK_CAPTURE_AUTORELEASING = YES;
				CLANG_WARN_BOOL_CONVERSION = YES;
				CLANG_WARN_COMMA = YES;
				CLANG_WARN_CONSTANT_CONVERSION = YES;
				CLANG_WARN_DEPRECATED_OBJC_IMPLEMENTATIONS = YES;
				CLANG_WARN_DIRECT_OBJC_ISA_USAGE = YES_ERROR;
				CLANG_WARN_DOCUMENTATION_COMMENTS = YES;
				CLANG_WARN_EMPTY_BODY = YES;
				CLANG_WARN_ENUM_CONVERSION = YES;
				CLANG_WARN_INFINITE_RECURSION = YES;
				CLANG_WARN_INT_CONVERSION = YES;
				CLANG_WARN_NON_LITERAL_NULL_CONVERSION = YES;
				CLANG_WARN_OBJC_IMPLICIT_RETAIN_SELF = YES;
				CLANG_WARN_OBJC_LITERAL_CONVERSION = YES;
				CLANG_WARN_OBJC_ROOT_CLASS = YES_ERROR;
				CLANG_WARN_QUOTED_INCLUDE_IN_FRAMEWORK_HEADER = YES;
				CLANG_WARN_RANGE_LOOP_ANALYSIS = YES;
				CLANG_WARN_STRICT_PROTOTYPES = YES;
				CLANG_WARN_SUSPICIOUS_MOVE = YES;
				CLANG_WARN_UNGUARDED_AVAILABILITY = YES_AGGRESSIVE;
				CLANG_WARN_UNREACHABLE_CODE = YES;
				CLANG_WARN__DUPLICATE_METHOD_MATCH = YES;
				COPY_PHASE_STRIP = NO;
				DEBUG_INFORMATION_FORMAT = "dwarf-with-dsym";
				ENABLE_NS_ASSERTIONS = NO;
				ENABLE_STRICT_OBJC_MSGSEND = YES;
				ENABLE_USER_SCRIPT_SANDBOXING = YES;
				GCC_C_LANGUAGE_STANDARD = gnu17;
				GCC_NO_COMMON_BLOCKS = YES;
				GCC_WARN_64_TO_32_BIT_CONVERSION = YES;
				GCC_WARN_ABOUT_RETURN_TYPE = YES_ERROR;
				GCC_WARN_UNDECLARED_SELECTOR = YES;
				GCC_WARN_UNINITIALIZED_AUTOS = YES_AGGRESSIVE;
				GCC_WARN_UNUSED_FUNCTION = YES;
				GCC_WARN_UNUSED_VARIABLE = YES;
				IPHONEOS_DEPLOYMENT_TARGET = 26.0;
				LOCALIZATION_PREFERS_STRING_CATALOGS = YES;
				MTL_ENABLE_DEBUG_INFO = NO;
				MTL_FAST_MATH = YES;
				SDKROOT = iphoneos;
				SWIFT_COMPILATION_MODE = wholemodule;
				VALIDATE_PRODUCT = YES;
			};
			name = Release;
		};
		9998C6A52FEDAF610098BB4C /* Debug */ = {
			isa = XCBuildConfiguration;
			buildSettings = {
				ASSETCATALOG_COMPILER_APPICON_NAME = AppIcon;
				ASSETCATALOG_COMPILER_GLOBAL_ACCENT_COLOR_NAME = AccentColor;
				CODE_SIGN_STYLE = Automatic;
				CURRENT_PROJECT_VERSION = 1;
				ENABLE_PREVIEWS = YES;
				GENERATE_INFOPLIST_FILE = YES;
				INFOPLIST_KEY_UIApplicationSceneManifest_Generation = YES;
				INFOPLIST_KEY_UIApplicationSupportsIndirectInputEvents = YES;
				INFOPLIST_KEY_UILaunchScreen_Generation = YES;
				INFOPLIST_KEY_UISupportedInterfaceOrientations_iPad = "UIInterfaceOrientationPortrait UIInterfaceOrientationPortraitUpsideDown UIInterfaceOrientationLandscapeLeft UIInterfaceOrientationLandscapeRight";
				INFOPLIST_KEY_UISupportedInterfaceOrientations_iPhone = "UIInterfaceOrientationPortrait UIInterfaceOrientationLandscapeLeft UIInterfaceOrientationLandscapeRight";
				LD_RUNPATH_SEARCH_PATHS = (
					"$(inherited)",
					"@executable_path/Frameworks",
				);
				MARKETING_VERSION = 1.0;
				PRODUCT_BUNDLE_IDENTIFIER = com.testsg.GithubTrendingReposApp;
				PRODUCT_NAME = "$(TARGET_NAME)";
				STRING_CATALOG_GENERATE_SYMBOLS = YES;
				SWIFT_APPROACHABLE_CONCURRENCY = YES;
				SWIFT_DEFAULT_ACTOR_ISOLATION = MainActor;
				SWIFT_EMIT_LOC_STRINGS = YES;
				SWIFT_UPCOMING_FEATURE_MEMBER_IMPORT_VISIBILITY = YES;
				SWIFT_VERSION = 5.0;
				TARGETED_DEVICE_FAMILY = "1,2";
			};
			name = Debug;
		};
		9998C6A62FEDAF610098BB4C /* Release */ = {
			isa = XCBuildConfiguration;
			buildSettings = {
				ASSETCATALOG_COMPILER_APPICON_NAME = AppIcon;
				ASSETCATALOG_COMPILER_GLOBAL_ACCENT_COLOR_NAME = AccentColor;
				CODE_SIGN_STYLE = Automatic;
				CURRENT_PROJECT_VERSION = 1;
				ENABLE_PREVIEWS = YES;
				GENERATE_INFOPLIST_FILE = YES;
				INFOPLIST_KEY_UIApplicationSceneManifest_Generation = YES;
				INFOPLIST_KEY_UIApplicationSupportsIndirectInputEvents = YES;
				INFOPLIST_KEY_UILaunchScreen_Generation = YES;
				INFOPLIST_KEY_UISupportedInterfaceOrientations_iPad = "UIInterfaceOrientationPortrait UIInterfaceOrientationPortraitUpsideDown UIInterfaceOrientationLandscapeLeft UIInterfaceOrientationLandscapeRight";
				INFOPLIST_KEY_UISupportedInterfaceOrientations_iPhone = "UIInterfaceOrientationPortrait UIInterfaceOrientationLandscapeLeft UIInterfaceOrientationLandscapeRight";
				LD_RUNPATH_SEARCH_PATHS = (
					"$(inherited)",
					"@executable_path/Frameworks",
				);
				MARKETING_VERSION = 1.0;
				PRODUCT_BUNDLE_IDENTIFIER = com.testsg.GithubTrendingReposApp;
				PRODUCT_NAME = "$(TARGET_NAME)";
				STRING_CATALOG_GENERATE_SYMBOLS = YES;
				SWIFT_APPROACHABLE_CONCURRENCY = YES;
				SWIFT_DEFAULT_ACTOR_ISOLATION = MainActor;
				SWIFT_EMIT_LOC_STRINGS = YES;
				SWIFT_UPCOMING_FEATURE_MEMBER_IMPORT_VISIBILITY = YES;
				SWIFT_VERSION = 5.0;
				TARGETED_DEVICE_FAMILY = "1,2";
			};
			name = Release;
		};
		9998C6A82FEDAF610098BB4C /* Debug */ = {
			isa = XCBuildConfiguration;
			buildSettings = {
				BUNDLE_LOADER = "$(TEST_HOST)";
				CODE_SIGN_STYLE = Automatic;
				CURRENT_PROJECT_VERSION = 1;
				GENERATE_INFOPLIST_FILE = YES;
				IPHONEOS_DEPLOYMENT_TARGET = 26.0;
				MARKETING_VERSION = 1.0;
				PRODUCT_BUNDLE_IDENTIFIER = com.testsg.GithubTrendingReposAppTests;
				PRODUCT_NAME = "$(TARGET_NAME)";
				STRING_CATALOG_GENERATE_SYMBOLS = NO;
				SWIFT_APPROACHABLE_CONCURRENCY = YES;
				SWIFT_EMIT_LOC_STRINGS = NO;
				SWIFT_UPCOMING_FEATURE_MEMBER_IMPORT_VISIBILITY = YES;
				SWIFT_VERSION = 5.0;
				TARGETED_DEVICE_FAMILY = "1,2";
				TEST_HOST = "$(BUILT_PRODUCTS_DIR)/GithubTrendingReposApp.app/$(BUNDLE_EXECUTABLE_FOLDER_PATH)/GithubTrendingReposApp";
			};
			name = Debug;
		};
		9998C6A92FEDAF610098BB4C /* Release */ = {
			isa = XCBuildConfiguration;
			buildSettings = {
				BUNDLE_LOADER = "$(TEST_HOST)";
				CODE_SIGN_STYLE = Automatic;
				CURRENT_PROJECT_VERSION = 1;
				GENERATE_INFOPLIST_FILE = YES;
				IPHONEOS_DEPLOYMENT_TARGET = 26.0;
				MARKETING_VERSION = 1.0;
				PRODUCT_BUNDLE_IDENTIFIER = com.testsg.GithubTrendingReposAppTests;
				PRODUCT_NAME = "$(TARGET_NAME)";
				STRING_CATALOG_GENERATE_SYMBOLS = NO;
				SWIFT_APPROACHABLE_CONCURRENCY = YES;
				SWIFT_EMIT_LOC_STRINGS = NO;
				SWIFT_UPCOMING_FEATURE_MEMBER_IMPORT_VISIBILITY = YES;
				SWIFT_VERSION = 5.0;
				TARGETED_DEVICE_FAMILY = "1,2";
				TEST_HOST = "$(BUILT_PRODUCTS_DIR)/GithubTrendingReposApp.app/$(BUNDLE_EXECUTABLE_FOLDER_PATH)/GithubTrendingReposApp";
			};
			name = Release;
		};
		9998C6AB2FEDAF610098BB4C /* Debug */ = {
			isa = XCBuildConfiguration;
			buildSettings = {
				CODE_SIGN_STYLE = Automatic;
				CURRENT_PROJECT_VERSION = 1;
				GENERATE_INFOPLIST_FILE = YES;
				MARKETING_VERSION = 1.0;
				PRODUCT_BUNDLE_IDENTIFIER = com.testsg.GithubTrendingReposAppUITests;
				PRODUCT_NAME = "$(TARGET_NAME)";
				STRING_CATALOG_GENERATE_SYMBOLS = NO;
				SWIFT_APPROACHABLE_CONCURRENCY = YES;
				SWIFT_EMIT_LOC_STRINGS = NO;
				SWIFT_UPCOMING_FEATURE_MEMBER_IMPORT_VISIBILITY = YES;
				SWIFT_VERSION = 5.0;
				TARGETED_DEVICE_FAMILY = "1,2";
				TEST_TARGET_NAME = GithubTrendingReposApp;
			};
			name = Debug;
		};
		9998C6AC2FEDAF610098BB4C /* Release */ = {
			isa = XCBuildConfiguration;
			buildSettings = {
				CODE_SIGN_STYLE = Automatic;
				CURRENT_PROJECT_VERSION = 1;
				GENERATE_INFOPLIST_FILE = YES;
				MARKETING_VERSION = 1.0;
				PRODUCT_BUNDLE_IDENTIFIER = com.testsg.GithubTrendingReposAppUITests;
				PRODUCT_NAME = "$(TARGET_NAME)";
				STRING_CATALOG_GENERATE_SYMBOLS = NO;
				SWIFT_APPROACHABLE_CONCURRENCY = YES;
				SWIFT_EMIT_LOC_STRINGS = NO;
				SWIFT_UPCOMING_FEATURE_MEMBER_IMPORT_VISIBILITY = YES;
				SWIFT_VERSION = 5.0;
				TARGETED_DEVICE_FAMILY = "1,2";
				TEST_TARGET_NAME = GithubTrendingReposApp;
			};
			name = Release;
		};
/* End XCBuildConfiguration section */

/* Begin XCConfigurationList section */
		9998C67E2FEDAF5B0098BB4C /* Build configuration list for PBXProject "GithubTrendingReposApp" */ = {
			isa = XCConfigurationList;
			buildConfigurations = (
				9998C6A22FEDAF610098BB4C /* Debug */,
				9998C6A32FEDAF610098BB4C /* Release */,
			);
			defaultConfigurationIsVisible = 0;
			defaultConfigurationName = Release;
		};
		9998C6A42FEDAF610098BB4C /* Build configuration list for PBXNativeTarget "GithubTrendingReposApp" */ = {
			isa = XCConfigurationList;
			buildConfigurations = (
				9998C6A52FEDAF610098BB4C /* Debug */,
				9998C6A62FEDAF610098BB4C /* Release */,
			);
			defaultConfigurationIsVisible = 0;
			defaultConfigurationName = Release;
		};
		9998C6A72FEDAF610098BB4C /* Build configuration list for PBXNativeTarget "GithubTrendingReposAppTests" */ = {
			isa = XCConfigurationList;
			buildConfigurations = (
				9998C6A82FEDAF610098BB4C /* Debug */,
				9998C6A92FEDAF610098BB4C /* Release */,
			);
			defaultConfigurationIsVisible = 0;
			defaultConfigurationName = Release;
		};
		9998C6AA2FEDAF610098BB4C /* Build configuration list for PBXNativeTarget "GithubTrendingReposAppUITests" */ = {
			isa = XCConfigurationList;
			buildConfigurations = (
				9998C6AB2FEDAF610098BB4C /* Debug */,
				9998C6AC2FEDAF610098BB4C /* Release */,
			);
			defaultConfigurationIsVisible = 0;
			defaultConfigurationName = Release;
		};
/* End XCConfigurationList section */
	};
	rootObject = 9998C67B2FEDAF5B0098BB4C /* Project object */;
}
